// !$*UTF8*$!
{
	archiveVersion = 1;
	classes = {
	};
	objectVersion = 77;
	objects = {

/* Begin PBXBuildFile section */
		22A9B9E1AFA66C3838A869B1 /* Pods_crypto_exchangesTests.framework in Frameworks */ = {isa = PBXBuildFile; fileRef = 0D3097BB4C4F61717888C24F /* Pods_crypto_exchangesTests.framework */; };
		3D3E0EBFA2B0A742D74D4483 /* Pods_crypto_exchanges.framework in Frameworks */ = {isa = PBXBuildFile; fileRef = 6F9D881F4938706ACE806B1C /* Pods_crypto_exchanges.framework */; };
		4E69E94DCA7CEDB49778DA95 /* Pods_crypto_exchanges_crypto_exchangesUITests.framework in Frameworks */ = {isa = PBXBuildFile; fileRef = 9160EB9DC0A02B3647CB31A8 /* Pods_crypto_exchanges_crypto_exchangesUITests.framework */; };
/* End PBXBuildFile section */

/* Begin PBXContainerItemProxy section */
		25A6CC062CD448F1001F94A7 /* PBXContainerItemProxy */ = {
			isa = PBXContainerItemProxy;
			containerPortal = 25A6CBE72CD448F0001F94A7 /* Project object */;
			proxyType = 1;
			remoteGlobalIDString = 25A6CBEE2CD448F0001F94A7;
			remoteInfo = crypto_exchanges;
		};
		25A6CC102CD448F1001F94A7 /* PBXContainerItemProxy */ = {
			isa = PBXContainerItemProxy;
			containerPortal = 25A6CBE72CD448F0001F94A7 /* Project object */;
			proxyType = 1;
			remoteGlobalIDString = 25A6CBEE2CD448F0001F94A7;
			remoteInfo = crypto_exchanges;
		};
/* End PBXContainerItemProxy section */

/* Begin PBXFileReference section */
		0D3097BB4C4F61717888C24F /* Pods_crypto_exchangesTests.framework */ = {isa = PBXFileReference; explicitFileType = wrapper.framework; includeInIndex = 0; path = Pods_crypto_exchangesTests.framework; sourceTree = BUILT_PRODUCTS_DIR; };
		11AE39A8A6A1D82328F73632 /* Pods-crypto_exchanges-crypto_exchangesUITests.debug.xcconfig */ = {isa = PBXFileReference; includeInIndex = 1; lastKnownFileType = text.xcconfig; name = "Pods-crypto_exchanges-crypto_exchangesUITests.debug.xcconfig"; path = "Target Support Files/Pods-crypto_exchanges-crypto_exchangesUITests/Pods-crypto_exchanges-crypto_exchangesUITests.debug.xcconfig"; sourceTree = "<group>"; };
		1F022DC4263EE62982F1C486 /* Pods-crypto_exchanges-crypto_exchangesUITests.release.xcconfig */ = {isa = PBXFileReference; includeInIndex = 1; lastKnownFileType = text.xcconfig; name = "Pods-crypto_exchanges-crypto_exchangesUITests.release.xcconfig"; path = "Target Support Files/Pods-crypto_exchanges-crypto_exchangesUITests/Pods-crypto_exchanges-crypto_exchangesUITests.release.xcconfig"; sourceTree = "<group>"; };
		25A6CBEF2CD448F0001F94A7 /* crypto_exchanges.app */ = {isa = PBXFileReference; explicitFileType = wrapper.application; includeInIndex = 0; path = crypto_exchanges.app; sourceTree = BUILT_PRODUCTS_DIR; };
		25A6CC052CD448F1001F94A7 /* crypto_exchangesTests.xctest */ = {isa = PBXFileReference; explicitFileType = wrapper.cfbundle; includeInIndex = 0; path = crypto_exchangesTests.xctest; sourceTree = BUILT_PRODUCTS_DIR; };
		25A6CC0F2CD448F1001F94A7 /* crypto_exchangesUITests.xctest */ = {isa = PBXFileReference; explicitFileType = wrapper.cfbundle; includeInIndex = 0; path = crypto_exchangesUITests.xctest; sourceTree = BUILT_PRODUCTS_DIR; };
		4478724D5A3F768641F3B027 /* Pods-crypto_exchangesTests.release.xcconfig */ = {isa = PBXFileReference; includeInIndex = 1; lastKnownFileType = text.xcconfig; name = "Pods-crypto_exchangesTests.release.xcconfig"; path = "Target Support Files/Pods-crypto_exchangesTests/Pods-crypto_exchangesTests.release.xcconfig"; sourceTree = "<group>"; };
		5AA9C313454B94BAC300ABAA /* Pods-crypto_exchanges.release.xcconfig */ = {isa = PBXFileReference; includeInIndex = 1; lastKnownFileType = text.xcconfig; name = "Pods-crypto_exchanges.release.xcconfig"; path = "Target Support Files/Pods-crypto_exchanges/Pods-crypto_exchanges.release.xcconfig"; sourceTree = "<group>"; };
		6F9D881F4938706ACE806B1C /* Pods_crypto_exchanges.framework */ = {isa = PBXFileReference; explicitFileType = wrapper.framework; includeInIndex = 0; path = Pods_crypto_exchanges.framework; sourceTree = BUILT_PRODUCTS_DIR; };
		9160EB9DC0A02B3647CB31A8 /* Pods_crypto_exchanges_crypto_exchangesUITests.framework */ = {isa = PBXFileReference; explicitFileType = wrapper.framework; includeInIndex = 0; path = Pods_crypto_exchanges_crypto_exchangesUITests.framework; sourceTree = BUILT_PRODUCTS_DIR; };
		AA7FC071A9A628A70DB02A0E /* Pods-crypto_exchangesTests.debug.xcconfig */ = {isa = PBXFileReference; includeInIndex = 1; lastKnownFileType = text.xcconfig; name = "Pods-crypto_exchangesTests.debug.xcconfig"; path = "Target Support Files/Pods-crypto_exchangesTests/Pods-crypto_exchangesTests.debug.xcconfig"; sourceTree = "<group>"; };
		BC2B396581A0D536AC5D50F5 /* Pods-crypto_exchanges.debug.xcconfig */ = {isa = PBXFileReference; includeInIndex = 1; lastKnownFileType = text.xcconfig; name = "Pods-crypto_exchanges.debug.xcconfig"; path = "Target Support Files/Pods-crypto_exchanges/Pods-crypto_exchanges.debug.xcconfig"; sourceTree = "<group>"; };
/* End PBXFileReference section */

/* Begin PBXFileSystemSynchronizedBuildFileExceptionSet section */
		25A6CC172CD448F1001F94A7 /* Exceptions for "crypto_exchanges" folder in "crypto_exchanges" target */ = {
			isa = PBXFileSystemSynchronizedBuildFileExceptionSet;
			membershipExceptions = (
				Info.plist,
			);
			target = 25A6CBEE2CD448F0001F94A7 /* crypto_exchanges */;
		};
		25C347052CD538A2003A4320 /* Exceptions for "crypto_exchanges" folder in "crypto_exchangesTests" target */ = {
			isa = PBXFileSystemSynchronizedBuildFileExceptionSet;
			membershipExceptions = (
				"JsonMock/Exchange/json-exchange.json",
				"JsonMock/ExchangeIcon/exchange-icon.json",
			);
			target = 25A6CC042CD448F1001F94A7 /* crypto_exchangesTests */;
		};
		25C347062CD538A2003A4320 /* Exceptions for "crypto_exchanges" folder in "crypto_exchangesUITests" target */ = {
			isa = PBXFileSystemSynchronizedBuildFileExceptionSet;
			membershipExceptions = (
				"JsonMock/Exchange/json-exchange.json",
				"JsonMock/ExchangeIcon/exchange-icon.json",
			);
			target = 25A6CC0E2CD448F1001F94A7 /* crypto_exchangesUITests */;
		};
/* End PBXFileSystemSynchronizedBuildFileExceptionSet section */

/* Begin PBXFileSystemSynchronizedRootGroup section */
		25A6CBF12CD448F0001F94A7 /* crypto_exchanges */ = {
			isa = PBXFileSystemSynchronizedRootGroup;
			exceptions = (
				25A6CC172CD448F1001F94A7 /* Exceptions for "crypto_exchanges" folder in "crypto_exchanges" target */,
				25C347052CD538A2003A4320 /* Exceptions for "crypto_exchanges" folder in "crypto_exchangesTests" target */,
				25C347062CD538A2003A4320 /* Exceptions for "crypto_exchanges" folder in "crypto_exchangesUITests" target */,
			);
			path = crypto_exchanges;
			sourceTree = "<group>";
		};
		25A6CC082CD448F1001F94A7 /* crypto_exchangesTests */ = {
			isa = PBXFileSystemSynchronizedRootGroup;
			path = crypto_exchangesTests;
			sourceTree = "<group>";
		};
		25A6CC122CD448F1001F94A7 /* crypto_exchangesUITests */ = {
			isa = PBXFileSystemSynchronizedRootGroup;
			path = crypto_exchangesUITests;
			sourceTree = "<group>";
		};
/* End PBXFileSystemSynchronizedRootGroup section */

/* Begin PBXFrameworksBuildPhase section */
		25A6CBEC2CD448F0001F94A7 /* Frameworks */ = {
			isa = PBXFrameworksBuildPhase;
			buildActionMask = 2147483647;
			files = (
				3D3E0EBFA2B0A742D74D4483 /* Pods_crypto_exchanges.framework in Frameworks */,
			);
			runOnlyForDeploymentPostprocessing = 0;
		};
		25A6CC022CD448F1001F94A7 /* Frameworks */ = {
			isa = PBXFrameworksBuildPhase;
			buildActionMask = 2147483647;
			files = (
				22A9B9E1AFA66C3838A869B1 /* Pods_crypto_exchangesTests.framework in Frameworks */,
			);
			runOnlyForDeploymentPostprocessing = 0;
		};
		25A6CC0C2CD448F1001F94A7 /* Frameworks */ = {
			isa = PBXFrameworksBuildPhase;
			buildActionMask = 2147483647;
			files = (
				4E69E94DCA7CEDB49778DA95 /* Pods_crypto_exchanges_crypto_exchangesUITests.framework in Frameworks */,
			);
			runOnlyForDeploymentPostprocessing = 0;
		};
/* End PBXFrameworksBuildPhase section */

/* Begin PBXGroup section */
		25A6CBE62CD448F0001F94A7 = {
			isa = PBXGroup;
			children = (
				25A6CBF12CD448F0001F94A7 /* crypto_exchanges */,
				25A6CC082CD448F1001F94A7 /* crypto_exchangesTests */,
				25A6CC122CD448F1001F94A7 /* crypto_exchangesUITests */,
				25A6CBF02CD448F0001F94A7 /* Products */,
				2E66C4EF5B6896C4AA12729E /* Pods */,
				BBEA1BADD109EDE3FE78CD19 /* Frameworks */,
			);
			sourceTree = "<group>";
		};
		25A6CBF02CD448F0001F94A7 /* Products */ = {
			isa = PBXGroup;
			children = (
				25A6CBEF2CD448F0001F94A7 /* crypto_exchanges.app */,
				25A6CC052CD448F1001F94A7 /* crypto_exchangesTests.xctest */,
				25A6CC0F2CD448F1001F94A7 /* crypto_exchangesUITests.xctest */,
			);
			name = Products;
			sourceTree = "<group>";
		};
		2E66C4EF5B6896C4AA12729E /* Pods */ = {
			isa = PBXGroup;
			children = (
				BC2B396581A0D536AC5D50F5 /* Pods-crypto_exchanges.debug.xcconfig */,
				5AA9C313454B94BAC300ABAA /* Pods-crypto_exchanges.release.xcconfig */,
				11AE39A8A6A1D82328F73632 /* Pods-crypto_exchanges-crypto_exchangesUITests.debug.xcconfig */,
				1F022DC4263EE62982F1C486 /* Pods-crypto_exchanges-crypto_exchangesUITests.release.xcconfig */,
				AA7FC071A9A628A70DB02A0E /* Pods-crypto_exchangesTests.debug.xcconfig */,
				4478724D5A3F768641F3B027 /* Pods-crypto_exchangesTests.release.xcconfig */,
			);
			path = Pods;
			sourceTree = "<group>";
		};
		BBEA1BADD109EDE3FE78CD19 /* Frameworks */ = {
			isa = PBXGroup;
			children = (
				6F9D881F4938706ACE806B1C /* Pods_crypto_exchanges.framework */,
				9160EB9DC0A02B3647CB31A8 /* Pods_crypto_exchanges_crypto_exchangesUITests.framework */,
				0D3097BB4C4F61717888C24F /* Pods_crypto_exchangesTests.framework */,
			);
			name = Frameworks;
			sourceTree = "<group>";
		};
/* End PBXGroup section */

/* Begin PBXNativeTarget section */
		25A6CBEE2CD448F0001F94A7 /* crypto_exchanges */ = {
			isa = PBXNativeTarget;
			buildConfigurationList = 25A6CC182CD448F1001F94A7 /* Build configuration list for PBXNativeTarget "crypto_exchanges" */;
			buildPhases = (
				9BA102BAAEE3CE1ECEC9F5E2 /* [CP] Check Pods Manifest.lock */,
				25A6CBEB2CD448F0001F94A7 /* Sources */,
				25A6CBEC2CD448F0001F94A7 /* Frameworks */,
				25A6CBED2CD448F0001F94A7 /* Resources */,
				4B746F1824FA7CDB57D7C5F0 /* [CP] Embed Pods Frameworks */,
			);
			buildRules = (
			);
			dependencies = (
			);
			fileSystemSynchronizedGroups = (
				25A6CBF12CD448F0001F94A7 /* crypto_exchanges */,
			);
			name = crypto_exchanges;
			productName = crypto_exchanges;
			productReference = 25A6CBEF2CD448F0001F94A7 /* crypto_exchanges.app */;
			productType = "com.apple.product-type.application";
		};
		25A6CC042CD448F1001F94A7 /* crypto_exchangesTests */ = {
			isa = PBXNativeTarget;
			buildConfigurationList = 25A6CC1D2CD448F1001F94A7 /* Build configuration list for PBXNativeTarget "crypto_exchangesTests" */;
			buildPhases = (
				420E98629BEC200F8738DA57 /* [CP] Check Pods Manifest.lock */,
				25A6CC012CD448F1001F94A7 /* Sources */,
				25A6CC022CD448F1001F94A7 /* Frameworks */,
				25A6CC032CD448F1001F94A7 /* Resources */,
				E5EFB247804556E1FDCEE7F7 /* [CP] Embed Pods Frameworks */,
			);
			buildRules = (
			);
			dependencies = (
				25A6CC072CD448F1001F94A7 /* PBXTargetDependency */,
			);
			fileSystemSynchronizedGroups = (
				25A6CC082CD448F1001F94A7 /* crypto_exchangesTests */,
			);
			name = crypto_exchangesTests;
			productName = crypto_exchangesTests;
			productReference = 25A6CC052CD448F1001F94A7 /* crypto_exchangesTests.xctest */;
			productType = "com.apple.product-type.bundle.unit-test";
		};
		25A6CC0E2CD448F1001F94A7 /* crypto_exchangesUITests */ = {
			isa = PBXNativeTarget;
			buildConfigurationList = 25A6CC202CD448F1001F94A7 /* Build configuration list for PBXNativeTarget "crypto_exchangesUITests" */;
			buildPhases = (
				2F428405A02FA6A724054AE3 /* [CP] Check Pods Manifest.lock */,
				25A6CC0B2CD448F1001F94A7 /* Sources */,
				25A6CC0C2CD448F1001F94A7 /* Frameworks */,
				25A6CC0D2CD448F1001F94A7 /* Resources */,
				A0477E93E22C8E3D4E24062B /* [CP] Embed Pods Frameworks */,
			);
			buildRules = (
			);
			dependencies = (
				25A6CC112CD448F1001F94A7 /* PBXTargetDependency */,
			);
			fileSystemSynchronizedGroups = (
				25A6CC122CD448F1001F94A7 /* crypto_exchangesUITests */,
			);
			name = crypto_exchangesUITests;
			productName = crypto_exchangesUITests;
			productReference = 25A6CC0F2CD448F1001F94A7 /* crypto_exchangesUITests.xctest */;
			productType = "com.apple.product-type.bundle.ui-testing";
		};
/* End PBXNativeTarget section */

/* Begin PBXProject section */
		25A6CBE72CD448F0001F94A7 /* Project object */ = {
			isa = PBXProject;
			attributes = {
				BuildIndependentTargetsInParallel = 1;
				LastSwiftUpdateCheck = 1610;
				LastUpgradeCheck = 1610;
				TargetAttributes = {
					25A6CBEE2CD448F0001F94A7 = {
						CreatedOnToolsVersion = 16.1;
					};
					25A6CC042CD448F1001F94A7 = {
						CreatedOnToolsVersion = 16.1;
						TestTargetID = 25A6CBEE2CD448F0001F94A7;
					};
					25A6CC0E2CD448F1001F94A7 = {
						CreatedOnToolsVersion = 16.1;
						TestTargetID = 25A6CBEE2CD448F0001F94A7;
					};
				};
			};
			buildConfigurationList = 25A6CBEA2CD448F0001F94A7 /* Build configuration list for PBXProject "crypto_exchanges" */;
			developmentRegion = en;
			hasScannedForEncodings = 0;
			knownRegions = (
				en,
				Base,
			);
			mainGroup = 25A6CBE62CD448F0001F94A7;
			minimizedProjectReferenceProxies = 1;
			preferredProjectObjectVersion = 77;
			productRefGroup = 25A6CBF02CD448F0001F94A7 /* Products */;
			projectDirPath = "";
			projectRoot = "";
			targets = (
				25A6CBEE2CD448F0001F94A7 /* crypto_exchanges */,
				25A6CC042CD448F1001F94A7 /* crypto_exchangesTests */,
				25A6CC0E2CD448F1001F94A7 /* crypto_exchangesUITests */,
			);
		};
/* End PBXProject section */

/* Begin PBXResourcesBuildPhase section */
		25A6CBED2CD448F0001F94A7 /* Resources */ = {
			isa = PBXResourcesBuildPhase;
			buildActionMask = 2147483647;
			files = (
			);
			runOnlyForDeploymentPostprocessing = 0;
		};
		25A6CC032CD448F1001F94A7 /* Resources */ = {
			isa = PBXResourcesBuildPhase;
			buildActionMask = 2147483647;
			files = (
			);
			runOnlyForDeploymentPostprocessing = 0;
		};
		25A6CC0D2CD448F1001F94A7 /* Resources */ = {
			isa = PBXResourcesBuildPhase;
			buildActionMask = 2147483647;
			files = (
			);
			runOnlyForDeploymentPostprocessing = 0;
		};
/* End PBXResourcesBuildPhase section */

/* Begin PBXShellScriptBuildPhase section */
		2F428405A02FA6A724054AE3 /* [CP] Check Pods Manifest.lock */ = {
			isa = PBXShellScriptBuildPhase;
			buildActionMask = 2147483647;
			files = (
			);
			inputFileListPaths = (
			);
			inputPaths = (
				"${PODS_PODFILE_DIR_PATH}/Podfile.lock",
				"${PODS_ROOT}/Manifest.lock",
			);
			name = "[CP] Check Pods Manifest.lock";
			outputFileListPaths = (
			);
			outputPaths = (
				"$(DERIVED_FILE_DIR)/Pods-crypto_exchanges-crypto_exchangesUITests-checkManifestLockResult.txt",
			);
			runOnlyForDeploymentPostprocessing = 0;
			shellPath = /bin/sh;
			shellScript = "diff \"${PODS_PODFILE_DIR_PATH}/Podfile.lock\" \"${PODS_ROOT}/Manifest.lock\" > /dev/null\nif [ $? != 0 ] ; then\n    # print error to STDERR\n    echo \"error: The sandbox is not in sync with the Podfile.lock. Run 'pod install' or update your CocoaPods installation.\" >&2\n    exit 1\nfi\n# This output is used by Xcode 'outputs' to avoid re-running this script phase.\necho \"SUCCESS\" > \"${SCRIPT_OUTPUT_FILE_0}\"\n";
			showEnvVarsInLog = 0;
		};
		420E98629BEC200F8738DA57 /* [CP] Check Pods Manifest.lock */ = {
			isa = PBXShellScriptBuildPhase;
			buildActionMask = 2147483647;
			files = (
			);
			inputFileListPaths = (
			);
			inputPaths = (
				"${PODS_PODFILE_DIR_PATH}/Podfile.lock",
				"${PODS_ROOT}/Manifest.lock",
			);
			name = "[CP] Check Pods Manifest.lock";
			outputFileListPaths = (
			);
			outputPaths = (
				"$(DERIVED_FILE_DIR)/Pods-crypto_exchangesTests-checkManifestLockResult.txt",
			);
			runOnlyForDeploymentPostprocessing = 0;
			shellPath = /bin/sh;
			shellScript = "diff \"${PODS_PODFILE_DIR_PATH}/Podfile.lock\" \"${PODS_ROOT}/Manifest.lock\" > /dev/null\nif [ $? != 0 ] ; then\n    # print error to STDERR\n    echo \"error: The sandbox is not in sync with the Podfile.lock. Run 'pod install' or update your CocoaPods installation.\" >&2\n    exit 1\nfi\n# This output is used by Xcode 'outputs' to avoid re-running this script phase.\necho \"SUCCESS\" > \"${SCRIPT_OUTPUT_FILE_0}\"\n";
			showEnvVarsInLog = 0;
		};
		4B746F1824FA7CDB57D7C5F0 /* [CP] Embed Pods Frameworks */ = {
			isa = PBXShellScriptBuildPhase;
			buildActionMask = 2147483647;
			files = (
			);
			inputFileListPaths = (
				"${PODS_ROOT}/Target Support Files/Pods-crypto_exchanges/Pods-crypto_exchanges-frameworks-${CONFIGURATION}-input-files.xcfilelist",
			);
			name = "[CP] Embed Pods Frameworks";
			outputFileListPaths = (
				"${PODS_ROOT}/Target Support Files/Pods-crypto_exchanges/Pods-crypto_exchanges-frameworks-${CONFIGURATION}-output-files.xcfilelist",
			);
			runOnlyForDeploymentPostprocessing = 0;
			shellPath = /bin/sh;
			shellScript = "\"${PODS_ROOT}/Target Support Files/Pods-crypto_exchanges/Pods-crypto_exchanges-frameworks.sh\"\n";
			showEnvVarsInLog = 0;
		};
		9BA102BAAEE3CE1ECEC9F5E2 /* [CP] Check Pods Manifest.lock */ = {
			isa = PBXShellScriptBuildPhase;
			buildActionMask = 2147483647;
			files = (
			);
			inputFileListPaths = (
			);
			inputPaths = (
				"${PODS_PODFILE_DIR_PATH}/Podfile.lock",
				"${PODS_ROOT}/Manifest.lock",
			);
			name = "[CP] Check Pods Manifest.lock";
			outputFileListPaths = (
			);
			outputPaths = (
				"$(DERIVED_FILE_DIR)/Pods-crypto_exchanges-checkManifestLockResult.txt",
			);
			runOnlyForDeploymentPostprocessing = 0;
			shellPath = /bin/sh;
			shellScript = "diff \"${PODS_PODFILE_DIR_PATH}/Podfile.lock\" \"${PODS_ROOT}/Manifest.lock\" > /dev/null\nif [ $? != 0 ] ; then\n    # print error to STDERR\n    echo \"error: The sandbox is not in sync with the Podfile.lock. Run 'pod install' or update your CocoaPods installation.\" >&2\n    exit 1\nfi\n# This output is used by Xcode 'outputs' to avoid re-running this script phase.\necho \"SUCCESS\" > \"${SCRIPT_OUTPUT_FILE_0}\"\n";
			showEnvVarsInLog = 0;
		};
		A0477E93E22C8E3D4E24062B /* [CP] Embed Pods Frameworks */ = {
			isa = PBXShellScriptBuildPhase;
			buildActionMask = 2147483647;
			files = (
			);
			inputFileListPaths = (
				"${PODS_ROOT}/Target Support Files/Pods-crypto_exchanges-crypto_exchangesUITests/Pods-crypto_exchanges-crypto_exchangesUITests-frameworks-${CONFIGURATION}-input-files.xcfilelist",
			);
			name = "[CP] Embed Pods Frameworks";
			outputFileListPaths = (
				"${PODS_ROOT}/Target Support Files/Pods-crypto_exchanges-crypto_exchangesUITests/Pods-crypto_exchanges-crypto_exchangesUITests-frameworks-${CONFIGURATION}-output-files.xcfilelist",
			);
			runOnlyForDeploymentPostprocessing = 0;
			shellPath = /bin/sh;
			shellScript = "\"${PODS_ROOT}/Target Support Files/Pods-crypto_exchanges-crypto_exchangesUITests/Pods-crypto_exchanges-crypto_exchangesUITests-frameworks.sh\"\n";
			showEnvVarsInLog = 0;
		};
		E5EFB247804556E1FDCEE7F7 /* [CP] Embed Pods Frameworks */ = {
			isa = PBXShellScriptBuildPhase;
			buildActionMask = 2147483647;
			files = (
			);
			inputFileListPaths = (
				"${PODS_ROOT}/Target Support Files/Pods-crypto_exchangesTests/Pods-crypto_exchangesTests-frameworks-${CONFIGURATION}-input-files.xcfilelist",
			);
			name = "[CP] Embed Pods Frameworks";
			outputFileListPaths = (
				"${PODS_ROOT}/Target Support Files/Pods-crypto_exchangesTests/Pods-crypto_exchangesTests-frameworks-${CONFIGURATION}-output-files.xcfilelist",
			);
			runOnlyForDeploymentPostprocessing = 0;
			shellPath = /bin/sh;
			shellScript = "\"${PODS_ROOT}/Target Support Files/Pods-crypto_exchangesTests/Pods-crypto_exchangesTests-frameworks.sh\"\n";
			showEnvVarsInLog = 0;
		};
/* End PBXShellScriptBuildPhase section */

/* Begin PBXSourcesBuildPhase section */
		25A6CBEB2CD448F0001F94A7 /* Sources */ = {
			isa = PBXSourcesBuildPhase;
			buildActionMask = 2147483647;
			files = (
			);
			runOnlyForDeploymentPostprocessing = 0;
		};
		25A6CC012CD448F1001F94A7 /* Sources */ = {
			isa = PBXSourcesBuildPhase;
			buildActionMask = 2147483647;
			files = (
			);
			runOnlyForDeploymentPostprocessing = 0;
		};
		25A6CC0B2CD448F1001F94A7 /* Sources */ = {
			isa = PBXSourcesBuildPhase;
			buildActionMask = 2147483647;
			files = (
			);
			runOnlyForDeploymentPostprocessing = 0;
		};
/* End PBXSourcesBuildPhase section */

/* Begin PBXTargetDependency section */
		25A6CC072CD448F1001F94A7 /* PBXTargetDependency */ = {
			isa = PBXTargetDependency;
			target = 25A6CBEE2CD448F0001F94A7 /* crypto_exchanges */;
			targetProxy = 25A6CC062CD448F1001F94A7 /* PBXContainerItemProxy */;
		};
		25A6CC112CD448F1001F94A7 /* PBXTargetDependency */ = {
			isa = PBXTargetDependency;
			target = 25A6CBEE2CD448F0001F94A7 /* crypto_exchanges */;
			targetProxy = 25A6CC102CD448F1001F94A7 /* PBXContainerItemProxy */;
		};
/* End PBXTargetDependency section */

/* Begin XCBuildConfiguration section */
		25A6CC192CD448F1001F94A7 /* Debug */ = {
			isa = XCBuildConfiguration;
			baseConfigurationReference = BC2B396581A0D536AC5D50F5 /* Pods-crypto_exchanges.debug.xcconfig */;
			buildSettings = {
				ASSETCATALOG_COMPILER_APPICON_NAME = AppIcon;
				ASSETCATALOG_COMPILER_GLOBAL_ACCENT_COLOR_NAME = AccentColor;
				CODE_SIGN_STYLE = Automatic;
				CURRENT_PROJECT_VERSION = 1;
				GENERATE_INFOPLIST_FILE = YES;
				INFOPLIST_FILE = crypto_exchanges/Info.plist;
				INFOPLIST_KEY_UIApplicationSupportsIndirectInputEvents = YES;
				INFOPLIST_KEY_UILaunchStoryboardName = LaunchScreen;
				INFOPLIST_KEY_UIMainStoryboardFile = "";
				INFOPLIST_KEY_UISupportedInterfaceOrientations_iPad = "UIInterfaceOrientationPortrait UIInterfaceOrientationPortraitUpsideDown UIInterfaceOrientationLandscapeLeft UIInterfaceOrientationLandscapeRight";
				INFOPLIST_KEY_UISupportedInterfaceOrientations_iPhone = "UIInterfaceOrientationPortrait UIInterfaceOrientationLandscapeLeft UIInterfaceOrientationLandscapeRight";
				IPHONEOS_DEPLOYMENT_TARGET = 13;
				LD_RUNPATH_SEARCH_PATHS = (
					"$(inherited)",
					"@executable_path/Frameworks",
				);
				MARKETING_VERSION = 1.0;
				PRODUCT_BUNDLE_IDENTIFIER = "test.crypto.exchanges.crypto-exchanges";
				PRODUCT_NAME = "$(TARGET_NAME)";
				SWIFT_EMIT_LOC_STRINGS = YES;
				SWIFT_VERSION = 5.0;
				TARGETED_DEVICE_FAMILY = "1,2";
			};
			name = Debug;
		};
		25A6CC1A2CD448F1001F94A7 /* Release */ = {
			isa = XCBuildConfiguration;
			baseConfigurationReference = 5AA9C313454B94BAC300ABAA /* Pods-crypto_exchanges.release.xcconfig */;
			buildSettings = {
				ASSETCATALOG_COMPILER_APPICON_NAME = AppIcon;
				ASSETCATALOG_COMPILER_GLOBAL_ACCENT_COLOR_NAME = AccentColor;
				CODE_SIGN_STYLE = Automatic;
				CURRENT_PROJECT_VERSION = 1;
				GENERATE_INFOPLIST_FILE = YES;
				INFOPLIST_FILE = crypto_exchanges/Info.plist;
				INFOPLIST_KEY_UIApplicationSupportsIndirectInputEvents = YES;
				INFOPLIST_KEY_UILaunchStoryboardName = LaunchScreen;
				INFOPLIST_KEY_UIMainStoryboardFile = "";
				INFOPLIST_KEY_UISupportedInterfaceOrientations_iPad = "UIInterfaceOrientationPortrait UIInterfaceOrientationPortraitUpsideDown UIInterfaceOrientationLandscapeLeft UIInterfaceOrientationLandscapeRight";
				INFOPLIST_KEY_UISupportedInterfaceOrientations_iPhone = "UIInterfaceOrientationPortrait UIInterfaceOrientationLandscapeLeft UIInterfaceOrientationLandscapeRight";
				IPHONEOS_DEPLOYMENT_TARGET = 13;
				LD_RUNPATH_SEARCH_PATHS = (
					"$(inherited)",
					"@executable_path/Frameworks",
				);
				MARKETING_VERSION = 1.0;
				PRODUCT_BUNDLE_IDENTIFIER = "test.crypto.exchanges.crypto-exchanges";
				PRODUCT_NAME = "$(TARGET_NAME)";
				SWIFT_EMIT_LOC_STRINGS = YES;
				SWIFT_VERSION = 5.0;
				TARGETED_DEVICE_FAMILY = "1,2";
			};
			name = Release;
		};
		25A6CC1B2CD448F1001F94A7 /* Debug */ = {
			isa = XCBuildConfiguration;
			buildSettings = {
				ALWAYS_SEARCH_USER_PATHS = NO;
				ASSETCATALOG_COMPILER_GENERATE_SWIFT_ASSET_SYMBOL_EXTENSIONS = YES;
				CLANG_ANALYZER_NONNULL = YES;
				CLANG_ANALYZER_NUMBER_OBJECT_CONVERSION = YES_AGGRESSIVE;
				CLANG_CXX_LANGUAGE_STANDARD = "gnu++20";
				CLANG_ENABLE_MODULES = YES;
				CLANG_ENABLE_OBJC_ARC = YES;
				CLANG_ENABLE_OBJC_WEAK = YES;
				CLANG_WARN_BLOCK_CAPTURE_AUTORELEASING = YES;
				CLANG_WARN_BOOL_CONVERSION = YES;
				CLANG_WARN_COMMA = YES;
				CLANG_WARN_CONSTANT_CONVERSION = YES;
				CLANG_WARN_DEPRECATED_OBJC_IMPLEMENTATIONS = YES;
				CLANG_WARN_DIRECT_OBJC_ISA_USAGE = YES_ERROR;
				CLANG_WARN_DOCUMENTATION_COMMENTS = YES;
				CLANG_WARN_EMPTY_BODY = YES;
				CLANG_WARN_ENUM_CONVERSION = YES;
				CLANG_WARN_INFINITE_RECURSION = YES;
				CLANG_WARN_INT_CONVERSION = YES;
				CLANG_WARN_NON_LITERAL_NULL_CONVERSION = YES;
				CLANG_WARN_OBJC_IMPLICIT_RETAIN_SELF = YES;
				CLANG_WARN_OBJC_LITERAL_CONVERSION = YES;
				CLANG_WARN_OBJC_ROOT_CLASS = YES_ERROR;
				CLANG_WARN_QUOTED_INCLUDE_IN_FRAMEWORK_HEADER = YES;
				CLANG_WARN_RANGE_LOOP_ANALYSIS = YES;
				CLANG_WARN_STRICT_PROTOTYPES = YES;
				CLANG_WARN_SUSPICIOUS_MOVE = YES;
				CLANG_WARN_UNGUARDED_AVAILABILITY = YES_AGGRESSIVE;
				CLANG_WARN_UNREACHABLE_CODE = YES;
				CLANG_WARN__DUPLICATE_METHOD_MATCH = YES;
				COPY_PHASE_STRIP = NO;
				DEBUG_INFORMATION_FORMAT = dwarf;
				ENABLE_STRICT_OBJC_MSGSEND = YES;
				ENABLE_TESTABILITY = YES;
				ENABLE_USER_SCRIPT_SANDBOXING = NO;
				GCC_C_LANGUAGE_STANDARD = gnu17;
				GCC_DYNAMIC_NO_PIC = NO;
				GCC_NO_COMMON_BLOCKS = YES;
				GCC_OPTIMIZATION_LEVEL = 0;
				GCC_PREPROCESSOR_DEFINITIONS = (
					"DEBUG=1",
					"$(inherited)",
				);
				GCC_WARN_64_TO_32_BIT_CONVERSION = YES;
				GCC_WARN_ABOUT_RETURN_TYPE = YES_ERROR;
				GCC_WARN_UNDECLARED_SELECTOR = YES;
				GCC_WARN_UNINITIALIZED_AUTOS = YES_AGGRESSIVE;
				GCC_WARN_UNUSED_FUNCTION = YES;
				GCC_WARN_UNUSED_VARIABLE = YES;
				IPHONEOS_DEPLOYMENT_TARGET = 13;
				LOCALIZATION_PREFERS_STRING_CATALOGS = YES;
				MTL_ENABLE_DEBUG_INFO = INCLUDE_SOURCE;
				MTL_FAST_MATH = YES;
				ONLY_ACTIVE_ARCH = YES;
				SDKROOT = iphoneos;
				SWIFT_ACTIVE_COMPILATION_CONDITIONS = "DEBUG $(inherited)";
				SWIFT_OPTIMIZATION_LEVEL = "-Onone";
			};
			name = Debug;
		};
		25A6CC1C2CD448F1001F94A7 /* Release */ = {
			isa = XCBuildConfiguration;
			buildSettings = {
				ALWAYS_SEARCH_USER_PATHS = NO;
				ASSETCATALOG_COMPILER_GENERATE_SWIFT_ASSET_SYMBOL_EXTENSIONS = YES;
				CLANG_ANALYZER_NONNULL = YES;
				CLANG_ANALYZER_NUMBER_OBJECT_CONVERSION = YES_AGGRESSIVE;
				CLANG_CXX_LANGUAGE_STANDARD = "gnu++20";
				CLANG_ENABLE_MODULES = YES;
				CLANG_ENABLE_OBJC_ARC = YES;
				CLANG_ENABLE_OBJC_WEAK = YES;
				CLANG_WARN_BLOCK_CAPTURE_AUTORELEASING = YES;
				CLANG_WARN_BOOL_CONVERSION = YES;
				CLANG_WARN_COMMA = YES;
				CLANG_WARN_CONSTANT_CONVERSION = YES;
				CLANG_WARN_DEPRECATED_OBJC_IMPLEMENTATIONS = YES;
				CLANG_WARN_DIRECT_OBJC_ISA_USAGE = YES_ERROR;
				CLANG_WARN_DOCUMENTATION_COMMENTS = YES;
				CLANG_WARN_EMPTY_BODY = YES;
				CLANG_WARN_ENUM_CONVERSION = YES;
				CLANG_WARN_INFINITE_RECURSION = YES;
				CLANG_WARN_INT_CONVERSION = YES;
				CLANG_WARN_NON_LITERAL_NULL_CONVERSION = YES;
				CLANG_WARN_OBJC_IMPLICIT_RETAIN_SELF = YES;
				CLANG_WARN_OBJC_LITERAL_CONVERSION = YES;
				CLANG_WARN_OBJC_ROOT_CLASS = YES_ERROR;
				CLANG_WARN_QUOTED_INCLUDE_IN_FRAMEWORK_HEADER = YES;
				CLANG_WARN_RANGE_LOOP_ANALYSIS = YES;
				CLANG_WARN_STRICT_PROTOTYPES = YES;
				CLANG_WARN_SUSPICIOUS_MOVE = YES;
				CLANG_WARN_UNGUARDED_AVAILABILITY = YES_AGGRESSIVE;
				CLANG_WARN_UNREACHABLE_CODE = YES;
				CLANG_WARN__DUPLICATE_METHOD_MATCH = YES;
				COPY_PHASE_STRIP = NO;
				DEBUG_INFORMATION_FORMAT = "dwarf-with-dsym";
				ENABLE_NS_ASSERTIONS = NO;
				ENABLE_STRICT_OBJC_MSGSEND = YES;
				ENABLE_USER_SCRIPT_SANDBOXING = NO;
				GCC_C_LANGUAGE_STANDARD = gnu17;
				GCC_NO_COMMON_BLOCKS = YES;
				GCC_WARN_64_TO_32_BIT_CONVERSION = YES;
				GCC_WARN_ABOUT_RETURN_TYPE = YES_ERROR;
				GCC_WARN_UNDECLARED_SELECTOR = YES;
				GCC_WARN_UNINITIALIZED_AUTOS = YES_AGGRESSIVE;
				GCC_WARN_UNUSED_FUNCTION = YES;
				GCC_WARN_UNUSED_VARIABLE = YES;
				IPHONEOS_DEPLOYMENT_TARGET = 13;
				LOCALIZATION_PREFERS_STRING_CATALOGS = YES;
				MTL_ENABLE_DEBUG_INFO = NO;
				MTL_FAST_MATH = YES;
				SDKROOT = iphoneos;
				SWIFT_COMPILATION_MODE = wholemodule;
				VALIDATE_PRODUCT = YES;
			};
			name = Release;
		};
		25A6CC1E2CD448F1001F94A7 /* Debug */ = {
			isa = XCBuildConfiguration;
			baseConfigurationReference = AA7FC071A9A628A70DB02A0E /* Pods-crypto_exchangesTests.debug.xcconfig */;
			buildSettings = {
				BUNDLE_LOADER = "$(TEST_HOST)";
				CODE_SIGN_STYLE = Automatic;
				CURRENT_PROJECT_VERSION = 1;
				GENERATE_INFOPLIST_FILE = YES;
				IPHONEOS_DEPLOYMENT_TARGET = 13;
				MARKETING_VERSION = 1.0;
				PRODUCT_BUNDLE_IDENTIFIER = "test.crypto.exchanges.crypto-exchangesTests";
				PRODUCT_NAME = "$(TARGET_NAME)";
				SWIFT_EMIT_LOC_STRINGS = NO;
				SWIFT_VERSION = 5.0;
				TARGETED_DEVICE_FAMILY = "1,2";
				TEST_HOST = "$(BUILT_PRODUCTS_DIR)/crypto_exchanges.app/$(BUNDLE_EXECUTABLE_FOLDER_PATH)/crypto_exchanges";
			};
			name = Debug;
		};
		25A6CC1F2CD448F1001F94A7 /* Release */ = {
			isa = XCBuildConfiguration;
			baseConfigurationReference = 4478724D5A3F768641F3B027 /* Pods-crypto_exchangesTests.release.xcconfig */;
			buildSettings = {
				BUNDLE_LOADER = "$(TEST_HOST)";
				CODE_SIGN_STYLE = Automatic;
				CURRENT_PROJECT_VERSION = 1;
				GENERATE_INFOPLIST_FILE = YES;
				IPHONEOS_DEPLOYMENT_TARGET = 13;
				MARKETING_VERSION = 1.0;
				PRODUCT_BUNDLE_IDENTIFIER = "test.crypto.exchanges.crypto-exchangesTests";
				PRODUCT_NAME = "$(TARGET_NAME)";
				SWIFT_EMIT_LOC_STRINGS = NO;
				SWIFT_VERSION = 5.0;
				TARGETED_DEVICE_FAMILY = "1,2";
				TEST_HOST = "$(BUILT_PRODUCTS_DIR)/crypto_exchanges.app/$(BUNDLE_EXECUTABLE_FOLDER_PATH)/crypto_exchanges";
			};
			name = Release;
		};
		25A6CC212CD448F1001F94A7 /* Debug */ = {
			isa = XCBuildConfiguration;
			baseConfigurationReference = 11AE39A8A6A1D82328F73632 /* Pods-crypto_exchanges-crypto_exchangesUITests.debug.xcconfig */;
			buildSettings = {
				CODE_SIGN_STYLE = Automatic;
				CURRENT_PROJECT_VERSION = 1;
				GENERATE_INFOPLIST_FILE = YES;
				MARKETING_VERSION = 1.0;
				PRODUCT_BUNDLE_IDENTIFIER = "test.crypto.exchanges.crypto-exchangesUITests";
				PRODUCT_NAME = "$(TARGET_NAME)";
				SWIFT_EMIT_LOC_STRINGS = NO;
				SWIFT_VERSION = 5.0;
				TARGETED_DEVICE_FAMILY = "1,2";
				TEST_TARGET_NAME = crypto_exchanges;
			};
			name = Debug;
		};
		25A6CC222CD448F1001F94A7 /* Release */ = {
			isa = XCBuildConfiguration;
			baseConfigurationReference = 1F022DC4263EE62982F1C486 /* Pods-crypto_exchanges-crypto_exchangesUITests.release.xcconfig */;
			buildSettings = {
				CODE_SIGN_STYLE = Automatic;
				CURRENT_PROJECT_VERSION = 1;
				GENERATE_INFOPLIST_FILE = YES;
				MARKETING_VERSION = 1.0;
				PRODUCT_BUNDLE_IDENTIFIER = "test.crypto.exchanges.crypto-exchangesUITests";
				PRODUCT_NAME = "$(TARGET_NAME)";
				SWIFT_EMIT_LOC_STRINGS = NO;
				SWIFT_VERSION = 5.0;
				TARGETED_DEVICE_FAMILY = "1,2";
				TEST_TARGET_NAME = crypto_exchanges;
			};
			name = Release;
		};
/* End XCBuildConfiguration section */

/* Begin XCConfigurationList section */
		25A6CBEA2CD448F0001F94A7 /* Build configuration list for PBXProject "crypto_exchanges" */ = {
			isa = XCConfigurationList;
			buildConfigurations = (
				25A6CC1B2CD448F1001F94A7 /* Debug */,
				25A6CC1C2CD448F1001F94A7 /* Release */,
			);
			defaultConfigurationIsVisible = 0;
			defaultConfigurationName = Release;
		};
		25A6CC182CD448F1001F94A7 /* Build configuration list for PBXNativeTarget "crypto_exchanges" */ = {
			isa = XCConfigurationList;
			buildConfigurations = (
				25A6CC192CD448F1001F94A7 /* Debug */,
				25A6CC1A2CD448F1001F94A7 /* Release */,
			);
			defaultConfigurationIsVisible = 0;
			defaultConfigurationName = Release;
		};
		25A6CC1D2CD448F1001F94A7 /* Build configuration list for PBXNativeTarget "crypto_exchangesTests" */ = {
			isa = XCConfigurationList;
			buildConfigurations = (
				25A6CC1E2CD448F1001F94A7 /* Debug */,
				25A6CC1F2CD448F1001F94A7 /* Release */,
			);
			defaultConfigurationIsVisible = 0;
			defaultConfigurationName = Release;
		};
		25A6CC202CD448F1001F94A7 /* Build configuration list for PBXNativeTarget "crypto_exchangesUITests" */ = {
			isa = XCConfigurationList;
			buildConfigurations = (
				25A6CC212CD448F1001F94A7 /* Debug */,
				25A6CC222CD448F1001F94A7 /* Release */,
			);
			defaultConfigurationIsVisible = 0;
			defaultConfigurationName = Release;
		};
/* End XCConfigurationList section */
	};
	rootObject = 25A6CBE72CD448F0001F94A7 /* Project object */;
}
